
Microsoft Visual Studio Solution File, Format Version 12.00
# Visual Studio Version 17
VisualStudioVersion = 17.11.35017.193
MinimumVisualStudioVersion = 10.0.40219.1
Project("{FAE04EC0-301F-11D3-BF4B-00C04F79EFBC}") = "AnyAll", "AnyAll\AnyAll.csproj", "{AC985BB8-7976-4165-A71E-11ED1FECDB5E}"
EndProject
Global
	GlobalSection(SolutionConfigurationPlatforms) = preSolution
		Debug|Any CPU = Debug|Any CPU
		Release|Any CPU = Release|Any CPU
	EndGlobalSection
	GlobalSection(ProjectConfigurationPlatforms) = postSolution
		{AC985BB8-7976-4165-A71E-11ED1FECDB5E}.Debug|Any CPU.ActiveCfg = Debug|Any CPU
		{AC985BB8-7976-4165-A71E-11ED1FECDB5E}.Debug|Any CPU.Build.0 = Debug|Any CPU
		{AC985BB8-7976-4165-A71E-11ED1FECDB5E}.Release|Any CPU.ActiveCfg = Release|Any CPU
		{AC985BB8-7976-4165-A71E-11ED1FECDB5E}.Release|Any CPU.Build.0 = Release|Any CPU
	EndGlobalSection
	GlobalSection(SolutionProperties) = preSolution
		HideSolutionNode = FALSE
	EndGlobalSection
	GlobalSection(ExtensibilityGlobals) = postSolution
		SolutionGuid = {4781606F-168B-4DB3-877A-17FD161B8C42}
	EndGlobalSection
EndGlobal
